Microsoft Visual Studio Solution File, Format Version 12.00
# Visual Studio Version 17
VisualStudioVersion = 17.5.2.0
MinimumVisualStudioVersion = 10.0.40219.1
Project("{FAE04EC0-301F-11D3-BF4B-00C04F79EFBC}") = "LogSolution", "LogSolution.csproj", "{E28E27E8-5CEC-1522-D445-3040C0B4317B}"
EndProject
Global
	GlobalSection(SolutionConfigurationPlatforms) = preSolution
		Debug|Any CPU = Debug|Any CPU
		Release|Any CPU = Release|Any CPU
	EndGlobalSection
	GlobalSection(ProjectConfigurationPlatforms) = postSolution
		{E28E27E8-5CEC-1522-D445-3040C0B4317B}.Debug|Any CPU.ActiveCfg = Debug|Any CPU
		{E28E27E8-5CEC-1522-D445-3040C0B4317B}.Debug|Any CPU.Build.0 = Debug|Any CPU
		{E28E27E8-5CEC-1522-D445-3040C0B4317B}.Release|Any CPU.ActiveCfg = Release|Any CPU
		{E28E27E8-5CEC-1522-D445-3040C0B4317B}.Release|Any CPU.Build.0 = Release|Any CPU
	EndGlobalSection
	GlobalSection(SolutionProperties) = preSolution
		HideSolutionNode = FALSE
	EndGlobalSection
	GlobalSection(ExtensibilityGlobals) = postSolution
		SolutionGuid = {712FF9A3-1FDB-47A6-A7DF-5153B1D3F08C}
	EndGlobalSection
EndGlobal
